PODS:
  - AFNetworking (4.0.1):
    - AFNetworking/NSURLSession (= 4.0.1)
    - AFNetworking/Reachability (= 4.0.1)
    - AFNetworking/Security (= 4.0.1)
    - AFNetworking/Serialization (= 4.0.1)
    - AFNetworking/UIKit (= 4.0.1)
  - AFNetworking/NSURLSession (4.0.1):
    - AFNetworking/Reachability
    - AFNetworking/Security
    - AFNetworking/Serialization
  - AFNetworking/Reachability (4.0.1)
  - AFNetworking/Security (4.0.1)
  - AFNetworking/Serialization (4.0.1)
  - AFNetworking/UIKit (4.0.1):
    - AFNetworking/NSURLSession
  - Alamofire (4.9.1)
  - Differentiator (5.0.0)
  - HandyJSON (5.0.2)
  - Kingfisher (4.10.1)
  - Masonry (1.1.0)
  - Moya (13.0.1):
    - Moya/Core (= 13.0.1)
  - Moya/Core (13.0.1):
    - Alamofire (~> 4.1)
    - Result (~> 4.1)
  - ReactiveObjC (3.1.1)
  - Result (4.1.0)
  - RxCocoa (6.5.0):
    - RxRelay (= 6.5.0)
    - RxSwift (= 6.5.0)
  - RxDataSources (5.0.0):
    - Differentiator (~> 5.0)
    - RxCocoa (~> 6.0)
    - RxSwift (~> 6.0)
  - RxRelay (6.5.0):
    - RxSwift (= 6.5.0)
  - RxSwift (6.5.0)
  - SDWebImage (4.4.1):
    - SDWebImage/Core (= 4.4.1)
  - SDWebImage/Core (4.4.1)
  - SnapKit (4.2.0)
  - SSKeychain (1.4.1)
  - SVProgressHUD (2.2.5)
  - SwiftyJSON (5.0.1)

DEPENDENCIES:
  - AFNetworking (~> 4.0)
  - Alamofire
  - HandyJSON
  - Kingfisher
  - Masonry (~> 1.1.0)
  - Moya
  - ReactiveObjC
  - RxCocoa
  - RxDataSources
  - RxSwift
  - SDWebImage (~> 4.4.1)
  - SnapKit
  - SSKeychain
  - SVProgressHUD (= 2.2.5)
  - SwiftyJSON

SPEC REPOS:
  trunk:
    - AFNetworking
    - Alamofire
    - Differentiator
    - HandyJSON
    - Kingfisher
    - Masonry
    - Moya
    - ReactiveObjC
    - Result
    - RxCocoa
    - RxDataSources
    - RxRelay
    - RxSwift
    - SDWebImage
    - SnapKit
    - SSKeychain
    - SVProgressHUD
    - SwiftyJSON

SPEC CHECKSUMS:
  AFNetworking: 3bd23d814e976cd148d7d44c3ab78017b744cd58
  Alamofire: 85e8a02c69d6020a0d734f6054870d7ecb75cf18
  Differentiator: e8497ceab83c1b10ca233716d547b9af21b9344d
  HandyJSON: 9e4e236f5d2dbefad5155a77417bbea438201c03
  Kingfisher: c148cd7b47ebde9989f6bc7c27dcaa79d81279a0
  Masonry: 678fab65091a9290e40e2832a55e7ab731aad201
  Moya: f4a4b80ff2f8a4ffc208dfb31cd91636622fee6e
  ReactiveObjC: 011caa393aa0383245f2dcf9bf02e86b80b36040
  Result: bd966fac789cc6c1563440b348ab2598cc24d5c7
  RxCocoa: 94f817b71c07517321eb4f9ad299112ca8af743b
  RxDataSources: aa47cc1ed6c500fa0dfecac5c979b723542d79cf
  RxRelay: 1de1523e604c72b6c68feadedd1af3b1b4d0ecbd
  RxSwift: 5710a9e6b17f3c3d6e40d6e559b9fa1e813b2ef8
  SDWebImage: 47e9b5b925cbce75946c23f0c42dd19464189af4
  SnapKit: fe8a619752f3f27075cc9a90244d75c6c3f27e2a
  SSKeychain: 55cc80f66f5c73da827e3077f02e43528897db41
  SVProgressHUD: 1428aafac632c1f86f62aa4243ec12008d7a51d6
  SwiftyJSON: 2f33a42c6fbc52764d96f13368585094bfd8aa5e

PODFILE CHECKSUM: f7b1a71e29ff6cbcfeaa811e0325f0be2b77ad98

COCOAPODS: 1.11.3
